dependencies:
- name: nats
  repository: https://nats-io.github.io/k8s/helm/charts/
  version: 0.12.0
- name: elasticsearch
  repository: https://helm.elastic.co/
  version: 7.17.3
digest: sha256:03516f0a3aae707f6c8ad0496f99a0a89d46e8f7e80c09a98ab3311438e86094
generated: "2022-08-04T18:16:54.154296569Z"
