dependencies:
- name: nats
  repository: https://nats-io.github.io/k8s/helm/charts/
  version: 0.12.0
- name: postgres-operator
  repository: https://opensource.zalando.com/postgres-operator/charts/postgres-operator
  version: 1.8.2
digest: sha256:ead59a56e95581bec0c6e3c98a5e676b889cad099f2630dbc8d57c18b7bca637
generated: "2022-10-21T14:44:17.203041986+04:00"
