dependencies:
- name: nats
  repository: https://nats-io.github.io/k8s/helm/charts/
  version: 1.1.9
- name: postgres-operator
  repository: https://simplygoodsoftware.github.io/pyrus-datacenter-k8s
  version: 1.8.2
- name: elasticsearch
  repository: ""
  version: 7.17.3
- name: altinity-clickhouse-operator
  repository: https://helm.altinity.com
  version: 0.25.6
- name: clickhouse
  repository: https://simplygoodsoftware.github.io/pyrus-datacenter-k8s
  version: 1.0.0
digest: sha256:722f2625747967db31f6004b28b2271a98e7a1818c28a783c42f3f6a6bb5cb4b
generated: "2026-07-03T07:31:48.039343261Z"
